
Microsoft Visual Studio Solution File, Format Version 12.00
# Visual Studio Version 17
VisualStudioVersion = 17.14.36127.28 d17.14
MinimumVisualStudioVersion = 10.0.40219.1
Project("{FAE04EC0-301F-11D3-BF4B-00C04F79EFBC}") = "Patika.CodeFirst.Relation.App", "Patika.CodeFirst.Relation.App\Patika.CodeFirst.Relation.App.csproj", "{5E5DDE55-73E4-4BB2-8EDA-9D777416B28C}"
EndProject
Global
	GlobalSection(SolutionConfigurationPlatforms) = preSolution
		Debug|Any CPU = Debug|Any CPU
		Release|Any CPU = Release|Any CPU
	EndGlobalSection
	GlobalSection(ProjectConfigurationPlatforms) = postSolution
		{5E5DDE55-73E4-4BB2-8EDA-9D777416B28C}.Debug|Any CPU.ActiveCfg = Debug|Any CPU
		{5E5DDE55-73E4-4BB2-8EDA-9D777416B28C}.Debug|Any CPU.Build.0 = Debug|Any CPU
		{5E5DDE55-73E4-4BB2-8EDA-9D777416B28C}.Release|Any CPU.ActiveCfg = Release|Any CPU
		{5E5DDE55-73E4-4BB2-8EDA-9D777416B28C}.Release|Any CPU.Build.0 = Release|Any CPU
	EndGlobalSection
	GlobalSection(SolutionProperties) = preSolution
		HideSolutionNode = FALSE
	EndGlobalSection
	GlobalSection(ExtensibilityGlobals) = postSolution
		SolutionGuid = {D693845D-5DB8-46EE-B612-A4342FC8B172}
	EndGlobalSection
EndGlobal
